
Microsoft Visual Studio Solution File, Format Version 12.00
# Visual Studio Version 17
VisualStudioVersion = 17.11.35303.130
MinimumVisualStudioVersion = 10.0.40219.1
Project("{9A19103F-16F7-4668-BE54-9A1E7A4F7556}") = "Lesson1", "Lesson1\Lesson1.csproj", "{6190D8CB-C240-48BB-AA93-FD8A81033E7A}"
EndProject
Project("{9A19103F-16F7-4668-BE54-9A1E7A4F7556}") = "Lesson2", "Lesson2\Lesson2.csproj", "{0E79ABDB-81FD-4156-9B30-0B8E759970F3}"
EndProject
Project("{9A19103F-16F7-4668-BE54-9A1E7A4F7556}") = "Generator", "Generator\Generator.csproj", "{E1A571AE-B1D3-4F8C-B885-1C7608AF4BC1}"
EndProject
Project("{9A19103F-16F7-4668-BE54-9A1E7A4F7556}") = "Lesson3", "Lesson3\Lesson3.csproj", "{B4A4D399-3B76-4353-A903-2EE7E5D02BBF}"
EndProject
Project("{9A19103F-16F7-4668-BE54-9A1E7A4F7556}") = "Lesson4", "Lesson4\Lesson4.csproj", "{DDB142EA-86E4-4DF4-B84F-AA1B1CD22A47}"
EndProject
Project("{9A19103F-16F7-4668-BE54-9A1E7A4F7556}") = "Lesson5", "Lesson5\Lesson5.csproj", "{206EBBBA-0686-4F6F-8141-907B29AC1B49}"
EndProject
Project("{9A19103F-16F7-4668-BE54-9A1E7A4F7556}") = "Lab2.1", "Lab2.1\Lab2.1.csproj", "{D7D933FF-ACA4-4CA9-AF12-274AAF8C386A}"
EndProject
Project("{9A19103F-16F7-4668-BE54-9A1E7A4F7556}") = "Lesson6", "Lesson6\Lesson6.csproj", "{AA81E08C-769F-423C-8E95-43CFAE9C18CF}"
EndProject
Project("{9A19103F-16F7-4668-BE54-9A1E7A4F7556}") = "Lesson7", "Lesson7\Lesson7.csproj", "{B3D48507-B9C9-442D-BE91-EB0FD8A01C1A}"
EndProject
Project("{9A19103F-16F7-4668-BE54-9A1E7A4F7556}") = "Lesson8", "Lesson8\Lesson8.csproj", "{7F38ECDD-DD95-4CE9-AB71-9C5733864E7A}"
EndProject
Project("{9A19103F-16F7-4668-BE54-9A1E7A4F7556}") = "Lesson9", "Lesson9\Lesson9.csproj", "{99E95896-5BE2-4E25-BAF2-EF2269082A9C}"
EndProject
Project("{9A19103F-16F7-4668-BE54-9A1E7A4F7556}") = "Lab3.2", "Lab3.2\Lab3.2.csproj", "{034F2EAA-88BE-49A7-AF02-8F3AB1893424}"
EndProject
Project("{9A19103F-16F7-4668-BE54-9A1E7A4F7556}") = "Lab3.3", "Lab3.3\Lab3.3.csproj", "{B97BDA93-C6F2-4579-A87D-42CB2EA1F326}"
EndProject
Project("{9A19103F-16F7-4668-BE54-9A1E7A4F7556}") = "Lesson10", "Lesson10\Lesson10.csproj", "{22E540AB-D19C-4092-9241-CC37C59A38D1}"
EndProject
Project("{9A19103F-16F7-4668-BE54-9A1E7A4F7556}") = "Lab3.4", "Lab3.4\Lab3.4.csproj", "{99AE5786-D726-492D-8889-CA6F29C2D72D}"
EndProject
Project("{9A19103F-16F7-4668-BE54-9A1E7A4F7556}") = "Lesson11", "Lesson11\Lesson11.csproj", "{1D98D06B-58E5-4A6C-AE67-58BDE8B7D314}"
EndProject
Project("{9A19103F-16F7-4668-BE54-9A1E7A4F7556}") = "Lab4.1", "Lab4.1\Lab4.1.csproj", "{6FD2C18C-1B33-434F-B17D-6F81C50FBF5C}"
EndProject
Project("{9A19103F-16F7-4668-BE54-9A1E7A4F7556}") = "Lesson12", "Lesson12\Lesson12.csproj", "{8DFDF517-FCDD-41CB-B1BD-80EA5882A8D7}"
EndProject
Project("{9A19103F-16F7-4668-BE54-9A1E7A4F7556}") = "Lesson13", "Lesson13\Lesson13.csproj", "{0BB2D2C2-8200-4035-BF5B-9652CDBB32F0}"
EndProject
Project("{9A19103F-16F7-4668-BE54-9A1E7A4F7556}") = "Lesson14", "Lesson14\Lesson14.csproj", "{42801805-ACB2-4758-AF58-28C8F7826AEA}"
EndProject
Project("{9A19103F-16F7-4668-BE54-9A1E7A4F7556}") = "lab5.1", "lab5.1\lab5.1.csproj", "{C780FB6A-4951-4166-8DDD-1202DA88DED2}"
EndProject
Project("{9A19103F-16F7-4668-BE54-9A1E7A4F7556}") = "Lesson15", "Lesson15\Lesson15.csproj", "{8BF6F629-D7ED-44DA-A63B-EFEFCA2EF824}"
EndProject
Project("{9A19103F-16F7-4668-BE54-9A1E7A4F7556}") = "lab5.2", "lab5.2\lab5.2.csproj", "{6C37529E-3C2A-4913-ACF9-8BDF992AC2FF}"
EndProject
Project("{9A19103F-16F7-4668-BE54-9A1E7A4F7556}") = "Lesson15.2", "Lesson15.2\Lesson15.2.csproj", "{C684C592-81EB-4959-82A4-197432CF8E3C}"
EndProject
Project("{9A19103F-16F7-4668-BE54-9A1E7A4F7556}") = "Lesson15.3", "Lesson15.3\Lesson15.3.csproj", "{0AF40D0D-EF45-422B-B2BD-D76331B3FE73}"
EndProject
Project("{FAE04EC0-301F-11D3-BF4B-00C04F79EFBC}") = "Lesson16", "Lesson16\Lesson16.csproj", "{17AC52CC-2272-47EB-A916-BA480D296F1E}"
EndProject
Global
	GlobalSection(SolutionConfigurationPlatforms) = preSolution
		Debug|Any CPU = Debug|Any CPU
		Release|Any CPU = Release|Any CPU
	EndGlobalSection
	GlobalSection(ProjectConfigurationPlatforms) = postSolution
		{6190D8CB-C240-48BB-AA93-FD8A81033E7A}.Debug|Any CPU.ActiveCfg = Debug|Any CPU
		{6190D8CB-C240-48BB-AA93-FD8A81033E7A}.Debug|Any CPU.Build.0 = Debug|Any CPU
		{6190D8CB-C240-48BB-AA93-FD8A81033E7A}.Release|Any CPU.ActiveCfg = Release|Any CPU
		{6190D8CB-C240-48BB-AA93-FD8A81033E7A}.Release|Any CPU.Build.0 = Release|Any CPU
		{0E79ABDB-81FD-4156-9B30-0B8E759970F3}.Debug|Any CPU.ActiveCfg = Debug|Any CPU
		{0E79ABDB-81FD-4156-9B30-0B8E759970F3}.Debug|Any CPU.Build.0 = Debug|Any CPU
		{0E79ABDB-81FD-4156-9B30-0B8E759970F3}.Release|Any CPU.ActiveCfg = Release|Any CPU
		{0E79ABDB-81FD-4156-9B30-0B8E759970F3}.Release|Any CPU.Build.0 = Release|Any CPU
		{E1A571AE-B1D3-4F8C-B885-1C7608AF4BC1}.Debug|Any CPU.ActiveCfg = Debug|Any CPU
		{E1A571AE-B1D3-4F8C-B885-1C7608AF4BC1}.Debug|Any CPU.Build.0 = Debug|Any CPU
		{E1A571AE-B1D3-4F8C-B885-1C7608AF4BC1}.Release|Any CPU.ActiveCfg = Release|Any CPU
		{E1A571AE-B1D3-4F8C-B885-1C7608AF4BC1}.Release|Any CPU.Build.0 = Release|Any CPU
		{B4A4D399-3B76-4353-A903-2EE7E5D02BBF}.Debug|Any CPU.ActiveCfg = Debug|Any CPU
		{B4A4D399-3B76-4353-A903-2EE7E5D02BBF}.Debug|Any CPU.Build.0 = Debug|Any CPU
		{B4A4D399-3B76-4353-A903-2EE7E5D02BBF}.Release|Any CPU.ActiveCfg = Release|Any CPU
		{B4A4D399-3B76-4353-A903-2EE7E5D02BBF}.Release|Any CPU.Build.0 = Release|Any CPU
		{DDB142EA-86E4-4DF4-B84F-AA1B1CD22A47}.Debug|Any CPU.ActiveCfg = Debug|Any CPU
		{DDB142EA-86E4-4DF4-B84F-AA1B1CD22A47}.Debug|Any CPU.Build.0 = Debug|Any CPU
		{DDB142EA-86E4-4DF4-B84F-AA1B1CD22A47}.Release|Any CPU.ActiveCfg = Release|Any CPU
		{DDB142EA-86E4-4DF4-B84F-AA1B1CD22A47}.Release|Any CPU.Build.0 = Release|Any CPU
		{206EBBBA-0686-4F6F-8141-907B29AC1B49}.Debug|Any CPU.ActiveCfg = Debug|Any CPU
		{206EBBBA-0686-4F6F-8141-907B29AC1B49}.Debug|Any CPU.Build.0 = Debug|Any CPU
		{206EBBBA-0686-4F6F-8141-907B29AC1B49}.Release|Any CPU.ActiveCfg = Release|Any CPU
		{206EBBBA-0686-4F6F-8141-907B29AC1B49}.Release|Any CPU.Build.0 = Release|Any CPU
		{D7D933FF-ACA4-4CA9-AF12-274AAF8C386A}.Debug|Any CPU.ActiveCfg = Debug|Any CPU
		{D7D933FF-ACA4-4CA9-AF12-274AAF8C386A}.Debug|Any CPU.Build.0 = Debug|Any CPU
		{D7D933FF-ACA4-4CA9-AF12-274AAF8C386A}.Release|Any CPU.ActiveCfg = Release|Any CPU
		{D7D933FF-ACA4-4CA9-AF12-274AAF8C386A}.Release|Any CPU.Build.0 = Release|Any CPU
		{AA81E08C-769F-423C-8E95-43CFAE9C18CF}.Debug|Any CPU.ActiveCfg = Debug|Any CPU
		{AA81E08C-769F-423C-8E95-43CFAE9C18CF}.Debug|Any CPU.Build.0 = Debug|Any CPU
		{AA81E08C-769F-423C-8E95-43CFAE9C18CF}.Release|Any CPU.ActiveCfg = Release|Any CPU
		{AA81E08C-769F-423C-8E95-43CFAE9C18CF}.Release|Any CPU.Build.0 = Release|Any CPU
		{B3D48507-B9C9-442D-BE91-EB0FD8A01C1A}.Debug|Any CPU.ActiveCfg = Debug|Any CPU
		{B3D48507-B9C9-442D-BE91-EB0FD8A01C1A}.Debug|Any CPU.Build.0 = Debug|Any CPU
		{B3D48507-B9C9-442D-BE91-EB0FD8A01C1A}.Release|Any CPU.ActiveCfg = Release|Any CPU
		{B3D48507-B9C9-442D-BE91-EB0FD8A01C1A}.Release|Any CPU.Build.0 = Release|Any CPU
		{7F38ECDD-DD95-4CE9-AB71-9C5733864E7A}.Debug|Any CPU.ActiveCfg = Debug|Any CPU
		{7F38ECDD-DD95-4CE9-AB71-9C5733864E7A}.Debug|Any CPU.Build.0 = Debug|Any CPU
		{7F38ECDD-DD95-4CE9-AB71-9C5733864E7A}.Release|Any CPU.ActiveCfg = Release|Any CPU
		{7F38ECDD-DD95-4CE9-AB71-9C5733864E7A}.Release|Any CPU.Build.0 = Release|Any CPU
		{99E95896-5BE2-4E25-BAF2-EF2269082A9C}.Debug|Any CPU.ActiveCfg = Debug|Any CPU
		{99E95896-5BE2-4E25-BAF2-EF2269082A9C}.Debug|Any CPU.Build.0 = Debug|Any CPU
		{99E95896-5BE2-4E25-BAF2-EF2269082A9C}.Release|Any CPU.ActiveCfg = Release|Any CPU
		{99E95896-5BE2-4E25-BAF2-EF2269082A9C}.Release|Any CPU.Build.0 = Release|Any CPU
		{034F2EAA-88BE-49A7-AF02-8F3AB1893424}.Debug|Any CPU.ActiveCfg = Debug|Any CPU
		{034F2EAA-88BE-49A7-AF02-8F3AB1893424}.Debug|Any CPU.Build.0 = Debug|Any CPU
		{034F2EAA-88BE-49A7-AF02-8F3AB1893424}.Release|Any CPU.ActiveCfg = Release|Any CPU
		{034F2EAA-88BE-49A7-AF02-8F3AB1893424}.Release|Any CPU.Build.0 = Release|Any CPU
		{B97BDA93-C6F2-4579-A87D-42CB2EA1F326}.Debug|Any CPU.ActiveCfg = Debug|Any CPU
		{B97BDA93-C6F2-4579-A87D-42CB2EA1F326}.Debug|Any CPU.Build.0 = Debug|Any CPU
		{B97BDA93-C6F2-4579-A87D-42CB2EA1F326}.Release|Any CPU.ActiveCfg = Release|Any CPU
		{B97BDA93-C6F2-4579-A87D-42CB2EA1F326}.Release|Any CPU.Build.0 = Release|Any CPU
		{22E540AB-D19C-4092-9241-CC37C59A38D1}.Debug|Any CPU.ActiveCfg = Debug|Any CPU
		{22E540AB-D19C-4092-9241-CC37C59A38D1}.Debug|Any CPU.Build.0 = Debug|Any CPU
		{22E540AB-D19C-4092-9241-CC37C59A38D1}.Release|Any CPU.ActiveCfg = Release|Any CPU
		{22E540AB-D19C-4092-9241-CC37C59A38D1}.Release|Any CPU.Build.0 = Release|Any CPU
		{99AE5786-D726-492D-8889-CA6F29C2D72D}.Debug|Any CPU.ActiveCfg = Debug|Any CPU
		{99AE5786-D726-492D-8889-CA6F29C2D72D}.Debug|Any CPU.Build.0 = Debug|Any CPU
		{99AE5786-D726-492D-8889-CA6F29C2D72D}.Release|Any CPU.ActiveCfg = Release|Any CPU
		{99AE5786-D726-492D-8889-CA6F29C2D72D}.Release|Any CPU.Build.0 = Release|Any CPU
		{1D98D06B-58E5-4A6C-AE67-58BDE8B7D314}.Debug|Any CPU.ActiveCfg = Debug|Any CPU
		{1D98D06B-58E5-4A6C-AE67-58BDE8B7D314}.Debug|Any CPU.Build.0 = Debug|Any CPU
		{1D98D06B-58E5-4A6C-AE67-58BDE8B7D314}.Release|Any CPU.ActiveCfg = Release|Any CPU
		{1D98D06B-58E5-4A6C-AE67-58BDE8B7D314}.Release|Any CPU.Build.0 = Release|Any CPU
		{6FD2C18C-1B33-434F-B17D-6F81C50FBF5C}.Debug|Any CPU.ActiveCfg = Debug|Any CPU
		{6FD2C18C-1B33-434F-B17D-6F81C50FBF5C}.Debug|Any CPU.Build.0 = Debug|Any CPU
		{6FD2C18C-1B33-434F-B17D-6F81C50FBF5C}.Release|Any CPU.ActiveCfg = Release|Any CPU
		{6FD2C18C-1B33-434F-B17D-6F81C50FBF5C}.Release|Any CPU.Build.0 = Release|Any CPU
		{8DFDF517-FCDD-41CB-B1BD-80EA5882A8D7}.Debug|Any CPU.ActiveCfg = Debug|Any CPU
		{8DFDF517-FCDD-41CB-B1BD-80EA5882A8D7}.Debug|Any CPU.Build.0 = Debug|Any CPU
		{8DFDF517-FCDD-41CB-B1BD-80EA5882A8D7}.Release|Any CPU.ActiveCfg = Release|Any CPU
		{8DFDF517-FCDD-41CB-B1BD-80EA5882A8D7}.Release|Any CPU.Build.0 = Release|Any CPU
		{0BB2D2C2-8200-4035-BF5B-9652CDBB32F0}.Debug|Any CPU.ActiveCfg = Debug|Any CPU
		{0BB2D2C2-8200-4035-BF5B-9652CDBB32F0}.Debug|Any CPU.Build.0 = Debug|Any CPU
		{0BB2D2C2-8200-4035-BF5B-9652CDBB32F0}.Release|Any CPU.ActiveCfg = Release|Any CPU
		{0BB2D2C2-8200-4035-BF5B-9652CDBB32F0}.Release|Any CPU.Build.0 = Release|Any CPU
		{42801805-ACB2-4758-AF58-28C8F7826AEA}.Debug|Any CPU.ActiveCfg = Debug|Any CPU
		{42801805-ACB2-4758-AF58-28C8F7826AEA}.Debug|Any CPU.Build.0 = Debug|Any CPU
		{42801805-ACB2-4758-AF58-28C8F7826AEA}.Release|Any CPU.ActiveCfg = Release|Any CPU
		{42801805-ACB2-4758-AF58-28C8F7826AEA}.Release|Any CPU.Build.0 = Release|Any CPU
		{C780FB6A-4951-4166-8DDD-1202DA88DED2}.Debug|Any CPU.ActiveCfg = Debug|Any CPU
		{C780FB6A-4951-4166-8DDD-1202DA88DED2}.Debug|Any CPU.Build.0 = Debug|Any CPU
		{C780FB6A-4951-4166-8DDD-1202DA88DED2}.Release|Any CPU.ActiveCfg = Release|Any CPU
		{C780FB6A-4951-4166-8DDD-1202DA88DED2}.Release|Any CPU.Build.0 = Release|Any CPU
		{8BF6F629-D7ED-44DA-A63B-EFEFCA2EF824}.Debug|Any CPU.ActiveCfg = Debug|Any CPU
		{8BF6F629-D7ED-44DA-A63B-EFEFCA2EF824}.Debug|Any CPU.Build.0 = Debug|Any CPU
		{8BF6F629-D7ED-44DA-A63B-EFEFCA2EF824}.Release|Any CPU.ActiveCfg = Release|Any CPU
		{8BF6F629-D7ED-44DA-A63B-EFEFCA2EF824}.Release|Any CPU.Build.0 = Release|Any CPU
		{6C37529E-3C2A-4913-ACF9-8BDF992AC2FF}.Debug|Any CPU.ActiveCfg = Debug|Any CPU
		{6C37529E-3C2A-4913-ACF9-8BDF992AC2FF}.Debug|Any CPU.Build.0 = Debug|Any CPU
		{6C37529E-3C2A-4913-ACF9-8BDF992AC2FF}.Release|Any CPU.ActiveCfg = Release|Any CPU
		{6C37529E-3C2A-4913-ACF9-8BDF992AC2FF}.Release|Any CPU.Build.0 = Release|Any CPU
		{C684C592-81EB-4959-82A4-197432CF8E3C}.Debug|Any CPU.ActiveCfg = Debug|Any CPU
		{C684C592-81EB-4959-82A4-197432CF8E3C}.Debug|Any CPU.Build.0 = Debug|Any CPU
		{C684C592-81EB-4959-82A4-197432CF8E3C}.Release|Any CPU.ActiveCfg = Release|Any CPU
		{C684C592-81EB-4959-82A4-197432CF8E3C}.Release|Any CPU.Build.0 = Release|Any CPU
		{0AF40D0D-EF45-422B-B2BD-D76331B3FE73}.Debug|Any CPU.ActiveCfg = Debug|Any CPU
		{0AF40D0D-EF45-422B-B2BD-D76331B3FE73}.Debug|Any CPU.Build.0 = Debug|Any CPU
		{0AF40D0D-EF45-422B-B2BD-D76331B3FE73}.Release|Any CPU.ActiveCfg = Release|Any CPU
		{0AF40D0D-EF45-422B-B2BD-D76331B3FE73}.Release|Any CPU.Build.0 = Release|Any CPU
		{17AC52CC-2272-47EB-A916-BA480D296F1E}.Debug|Any CPU.ActiveCfg = Debug|Any CPU
		{17AC52CC-2272-47EB-A916-BA480D296F1E}.Debug|Any CPU.Build.0 = Debug|Any CPU
		{17AC52CC-2272-47EB-A916-BA480D296F1E}.Release|Any CPU.ActiveCfg = Release|Any CPU
		{17AC52CC-2272-47EB-A916-BA480D296F1E}.Release|Any CPU.Build.0 = Release|Any CPU
	EndGlobalSection
	GlobalSection(SolutionProperties) = preSolution
		HideSolutionNode = FALSE
	EndGlobalSection
	GlobalSection(ExtensibilityGlobals) = postSolution
		SolutionGuid = {446B8EDA-89FE-460D-BBF4-FA38808AEA23}
	EndGlobalSection
EndGlobal
